
Microsoft Visual Studio Solution File, Format Version 12.00
# Visual Studio Version 16
VisualStudioVersion = 16.0.30309.148
MinimumVisualStudioVersion = 10.0.40219.1
Project("{9A19103F-16F7-4668-BE54-9A1E7A4F7556}") = "Cars", "Cars\Cars.csproj", "{0BCF3567-BB3C-48C6-A15D-7FC715A84E97}"
EndProject
Project("{2150E333-8FDC-42A3-9474-1A3956D46DE8}") = "Data access layer", "Data access layer", "{DCE627E3-4EEF-49CE-9221-9BE4BE530C3A}"
EndProject
Project("{2150E333-8FDC-42A3-9474-1A3956D46DE8}") = "Shared layer", "Shared layer", "{16E847EF-02FD-4BA4-B889-D529BD6D2523}"
EndProject
Project("{2150E333-8FDC-42A3-9474-1A3956D46DE8}") = "Frontend", "Frontend", "{9E1FEB0A-1130-4399-814C-394C97C8FD67}"
EndProject
Project("{9A19103F-16F7-4668-BE54-9A1E7A4F7556}") = "Cars.Models", "Cars.Model\Cars.Models.csproj", "{C4874CC2-4452-4168-887A-D41C633218AA}"
EndProject
Project("{9A19103F-16F7-4668-BE54-9A1E7A4F7556}") = "Cars.Repository", "Cars.Repository\Cars.Repository.csproj", "{9A011340-624A-4AFD-867E-C7E486B8BF09}"
EndProject
Project("{9A19103F-16F7-4668-BE54-9A1E7A4F7556}") = "Cars.Logger", "Cars.Logger\Cars.Logger.csproj", "{635EDC74-B1AB-4FBE-8CAB-7B54BDE8AD51}"
EndProject
Project("{9A19103F-16F7-4668-BE54-9A1E7A4F7556}") = "CarsContext", "CarsContext\CarsContext.csproj", "{4091DFCC-7A1C-42B3-AE6A-67615797327E}"
EndProject
Project("{9A19103F-16F7-4668-BE54-9A1E7A4F7556}") = "Cars.DTO", "Cars.DTO\Cars.DTO.csproj", "{9AEC7CEC-F839-4202-B595-957A3B0B69F6}"
EndProject
Project("{9A19103F-16F7-4668-BE54-9A1E7A4F7556}") = "Mapper", "Mapper\Mapper.csproj", "{1B44E25A-1A70-4D35-A0FB-2B476FCF9D8D}"
EndProject
Project("{FAE04EC0-301F-11D3-BF4B-00C04F79EFBC}") = "Cars.Helpers", "Cars.Helpers\Cars.Helpers.csproj", "{6BCF07BA-19F3-4F09-BBDF-A6EEF6970010}"
EndProject
Global
	GlobalSection(SolutionConfigurationPlatforms) = preSolution
		Debug|Any CPU = Debug|Any CPU
		Release|Any CPU = Release|Any CPU
	EndGlobalSection
	GlobalSection(ProjectConfigurationPlatforms) = postSolution
		{0BCF3567-BB3C-48C6-A15D-7FC715A84E97}.Debug|Any CPU.ActiveCfg = Debug|Any CPU
		{0BCF3567-BB3C-48C6-A15D-7FC715A84E97}.Debug|Any CPU.Build.0 = Debug|Any CPU
		{0BCF3567-BB3C-48C6-A15D-7FC715A84E97}.Release|Any CPU.ActiveCfg = Release|Any CPU
		{0BCF3567-BB3C-48C6-A15D-7FC715A84E97}.Release|Any CPU.Build.0 = Release|Any CPU
		{C4874CC2-4452-4168-887A-D41C633218AA}.Debug|Any CPU.ActiveCfg = Debug|Any CPU
		{C4874CC2-4452-4168-887A-D41C633218AA}.Debug|Any CPU.Build.0 = Debug|Any CPU
		{C4874CC2-4452-4168-887A-D41C633218AA}.Release|Any CPU.ActiveCfg = Release|Any CPU
		{C4874CC2-4452-4168-887A-D41C633218AA}.Release|Any CPU.Build.0 = Release|Any CPU
		{9A011340-624A-4AFD-867E-C7E486B8BF09}.Debug|Any CPU.ActiveCfg = Debug|Any CPU
		{9A011340-624A-4AFD-867E-C7E486B8BF09}.Debug|Any CPU.Build.0 = Debug|Any CPU
		{9A011340-624A-4AFD-867E-C7E486B8BF09}.Release|Any CPU.ActiveCfg = Release|Any CPU
		{9A011340-624A-4AFD-867E-C7E486B8BF09}.Release|Any CPU.Build.0 = Release|Any CPU
		{635EDC74-B1AB-4FBE-8CAB-7B54BDE8AD51}.Debug|Any CPU.ActiveCfg = Debug|Any CPU
		{635EDC74-B1AB-4FBE-8CAB-7B54BDE8AD51}.Debug|Any CPU.Build.0 = Debug|Any CPU
		{635EDC74-B1AB-4FBE-8CAB-7B54BDE8AD51}.Release|Any CPU.ActiveCfg = Release|Any CPU
		{635EDC74-B1AB-4FBE-8CAB-7B54BDE8AD51}.Release|Any CPU.Build.0 = Release|Any CPU
		{4091DFCC-7A1C-42B3-AE6A-67615797327E}.Debug|Any CPU.ActiveCfg = Debug|Any CPU
		{4091DFCC-7A1C-42B3-AE6A-67615797327E}.Debug|Any CPU.Build.0 = Debug|Any CPU
		{4091DFCC-7A1C-42B3-AE6A-67615797327E}.Release|Any CPU.ActiveCfg = Release|Any CPU
		{4091DFCC-7A1C-42B3-AE6A-67615797327E}.Release|Any CPU.Build.0 = Release|Any CPU
		{9AEC7CEC-F839-4202-B595-957A3B0B69F6}.Debug|Any CPU.ActiveCfg = Debug|Any CPU
		{9AEC7CEC-F839-4202-B595-957A3B0B69F6}.Debug|Any CPU.Build.0 = Debug|Any CPU
		{9AEC7CEC-F839-4202-B595-957A3B0B69F6}.Release|Any CPU.ActiveCfg = Release|Any CPU
		{9AEC7CEC-F839-4202-B595-957A3B0B69F6}.Release|Any CPU.Build.0 = Release|Any CPU
		{1B44E25A-1A70-4D35-A0FB-2B476FCF9D8D}.Debug|Any CPU.ActiveCfg = Debug|Any CPU
		{1B44E25A-1A70-4D35-A0FB-2B476FCF9D8D}.Debug|Any CPU.Build.0 = Debug|Any CPU
		{1B44E25A-1A70-4D35-A0FB-2B476FCF9D8D}.Release|Any CPU.ActiveCfg = Release|Any CPU
		{1B44E25A-1A70-4D35-A0FB-2B476FCF9D8D}.Release|Any CPU.Build.0 = Release|Any CPU
		{6BCF07BA-19F3-4F09-BBDF-A6EEF6970010}.Debug|Any CPU.ActiveCfg = Debug|Any CPU
		{6BCF07BA-19F3-4F09-BBDF-A6EEF6970010}.Debug|Any CPU.Build.0 = Debug|Any CPU
		{6BCF07BA-19F3-4F09-BBDF-A6EEF6970010}.Release|Any CPU.ActiveCfg = Release|Any CPU
		{6BCF07BA-19F3-4F09-BBDF-A6EEF6970010}.Release|Any CPU.Build.0 = Release|Any CPU
	EndGlobalSection
	GlobalSection(SolutionProperties) = preSolution
		HideSolutionNode = FALSE
	EndGlobalSection
	GlobalSection(NestedProjects) = preSolution
		{C4874CC2-4452-4168-887A-D41C633218AA} = {DCE627E3-4EEF-49CE-9221-9BE4BE530C3A}
		{9A011340-624A-4AFD-867E-C7E486B8BF09} = {DCE627E3-4EEF-49CE-9221-9BE4BE530C3A}
		{635EDC74-B1AB-4FBE-8CAB-7B54BDE8AD51} = {16E847EF-02FD-4BA4-B889-D529BD6D2523}
		{4091DFCC-7A1C-42B3-AE6A-67615797327E} = {DCE627E3-4EEF-49CE-9221-9BE4BE530C3A}
		{9AEC7CEC-F839-4202-B595-957A3B0B69F6} = {16E847EF-02FD-4BA4-B889-D529BD6D2523}
		{1B44E25A-1A70-4D35-A0FB-2B476FCF9D8D} = {16E847EF-02FD-4BA4-B889-D529BD6D2523}
		{6BCF07BA-19F3-4F09-BBDF-A6EEF6970010} = {16E847EF-02FD-4BA4-B889-D529BD6D2523}
	EndGlobalSection
	GlobalSection(ExtensibilityGlobals) = postSolution
		SolutionGuid = {63F669ED-C11A-4EF0-AB02-EDB5FFD3B377}
	EndGlobalSection
EndGlobal
